
Microsoft Visual Studio Solution File, Format Version 12.00
# Visual Studio Version 17
VisualStudioVersion = 17.11.35327.3
MinimumVisualStudioVersion = 10.0.40219.1
Project("{9A19103F-16F7-4668-BE54-9A1E7A4F7556}") = "BattleshipStateTracker", "BattleshipStateTracker\BattleshipStateTracker.csproj", "{6E3915C9-BBEA-41AE-93CA-6927F5D89898}"
EndProject
Project("{2150E333-8FDC-42A3-9474-1A3956D46DE8}") = "tests", "tests", "{6EE675B6-5D6D-4B5B-833F-523747582527}"
EndProject
Project("{FAE04EC0-301F-11D3-BF4B-00C04F79EFBC}") = "BattleshipStateTracker.Application.UnitTests", "BattleshipStateTracker.Application.UnitTests\BattleshipStateTracker.Application.UnitTests.csproj", "{117348DC-2FD7-4C43-848A-9F11972E5F1F}"
EndProject
Project("{FAE04EC0-301F-11D3-BF4B-00C04F79EFBC}") = "BattleshipStateTracker.Domain.UnitTests", "BattleshipStateTracker.Domain.UnitTests\BattleshipStateTracker.Domain.UnitTests.csproj", "{E010E94A-112D-44A8-94B9-6C2352F67CDB}"
EndProject
Project("{2150E333-8FDC-42A3-9474-1A3956D46DE8}") = "Solution Items", "Solution Items", "{FE943A49-68FF-4209-9006-54E11D1EFE0B}"
	ProjectSection(SolutionItems) = preProject
		ReadMe.md = ReadMe.md
	EndProjectSection
EndProject
Global
	GlobalSection(SolutionConfigurationPlatforms) = preSolution
		Debug|Any CPU = Debug|Any CPU
		Release|Any CPU = Release|Any CPU
	EndGlobalSection
	GlobalSection(ProjectConfigurationPlatforms) = postSolution
		{6E3915C9-BBEA-41AE-93CA-6927F5D89898}.Debug|Any CPU.ActiveCfg = Debug|Any CPU
		{6E3915C9-BBEA-41AE-93CA-6927F5D89898}.Debug|Any CPU.Build.0 = Debug|Any CPU
		{6E3915C9-BBEA-41AE-93CA-6927F5D89898}.Release|Any CPU.ActiveCfg = Release|Any CPU
		{6E3915C9-BBEA-41AE-93CA-6927F5D89898}.Release|Any CPU.Build.0 = Release|Any CPU
		{117348DC-2FD7-4C43-848A-9F11972E5F1F}.Debug|Any CPU.ActiveCfg = Debug|Any CPU
		{117348DC-2FD7-4C43-848A-9F11972E5F1F}.Debug|Any CPU.Build.0 = Debug|Any CPU
		{117348DC-2FD7-4C43-848A-9F11972E5F1F}.Release|Any CPU.ActiveCfg = Release|Any CPU
		{117348DC-2FD7-4C43-848A-9F11972E5F1F}.Release|Any CPU.Build.0 = Release|Any CPU
		{E010E94A-112D-44A8-94B9-6C2352F67CDB}.Debug|Any CPU.ActiveCfg = Debug|Any CPU
		{E010E94A-112D-44A8-94B9-6C2352F67CDB}.Debug|Any CPU.Build.0 = Debug|Any CPU
		{E010E94A-112D-44A8-94B9-6C2352F67CDB}.Release|Any CPU.ActiveCfg = Release|Any CPU
		{E010E94A-112D-44A8-94B9-6C2352F67CDB}.Release|Any CPU.Build.0 = Release|Any CPU
	EndGlobalSection
	GlobalSection(SolutionProperties) = preSolution
		HideSolutionNode = FALSE
	EndGlobalSection
	GlobalSection(NestedProjects) = preSolution
		{117348DC-2FD7-4C43-848A-9F11972E5F1F} = {6EE675B6-5D6D-4B5B-833F-523747582527}
		{E010E94A-112D-44A8-94B9-6C2352F67CDB} = {6EE675B6-5D6D-4B5B-833F-523747582527}
	EndGlobalSection
	GlobalSection(ExtensibilityGlobals) = postSolution
		SolutionGuid = {02ED1112-748C-4853-B40C-ABD9BB711B92}
	EndGlobalSection
EndGlobal
